// !$*UTF8*$!
{
	archiveVersion = 1;
	classes = {
	};
	objectVersion = 51;
	objects = {

/* Begin PBXBuildFile section */
		273EE13026BB05B900753E2A /* BaseVC.swift in Sources */ = {isa = PBXBuildFile; fileRef = 273EE12F26BB05B900753E2A /* BaseVC.swift */; };
		273EE13626BB076900753E2A /* SmartTextField.swift in Sources */ = {isa = PBXBuildFile; fileRef = 273EE13526BB076900753E2A /* SmartTextField.swift */; };
		273EE13926BB098000753E2A /* AppConst.swift in Sources */ = {isa = PBXBuildFile; fileRef = 273EE13826BB098000753E2A /* AppConst.swift */; };
		273EE13B26BB1AB700753E2A /* UIView.swift in Sources */ = {isa = PBXBuildFile; fileRef = 273EE13A26BB1AB700753E2A /* UIView.swift */; };
		5B1BB4F4733617C0E4A81548 /* Pods_ironman.framework in Frameworks */ = {isa = PBXBuildFile; fileRef = 5F256058C515E8D0ABF9B11A /* Pods_ironman.framework */; };
		800EBB6526C5A6CA0052CAA3 /* MenuLogoutTVCell.swift in Sources */ = {isa = PBXBuildFile; fileRef = 800EBB6426C5A6CA0052CAA3 /* MenuLogoutTVCell.swift */; };
		800EBB6826C5AB580052CAA3 /* EditProfileVC.swift in Sources */ = {isa = PBXBuildFile; fileRef = 800EBB6726C5AB580052CAA3 /* EditProfileVC.swift */; };
		8017149526C0448C00FD9CE7 /* CacheData.swift in Sources */ = {isa = PBXBuildFile; fileRef = 8017149426C0448C00FD9CE7 /* CacheData.swift */; };
		80204D6E26F65FC800493104 /* Date.swift in Sources */ = {isa = PBXBuildFile; fileRef = 80204D6D26F65FC800493104 /* Date.swift */; };
		80273042271492A00036E219 /* Banner.swift in Sources */ = {isa = PBXBuildFile; fileRef = 80273041271492A00036E219 /* Banner.swift */; };
		80273044271493130036E219 /* BannerData.swift in Sources */ = {isa = PBXBuildFile; fileRef = 80273043271493130036E219 /* BannerData.swift */; };
		80273046271493B00036E219 /* BannerResponse.swift in Sources */ = {isa = PBXBuildFile; fileRef = 80273045271493B00036E219 /* BannerResponse.swift */; };
		802730492714ACE50036E219 /* UIImageView.swift in Sources */ = {isa = PBXBuildFile; fileRef = 802730482714ACE50036E219 /* UIImageView.swift */; };
		802B6364269F71E5002A996E /* HomeVC.swift in Sources */ = {isa = PBXBuildFile; fileRef = 802B6363269F71E5002A996E /* HomeVC.swift */; };
		802B6366269F8169002A996E /* BannerCVCell.swift in Sources */ = {isa = PBXBuildFile; fileRef = 802B6365269F8169002A996E /* BannerCVCell.swift */; };
		802B6368269F8EE0002A996E /* ServiceCVCell.swift in Sources */ = {isa = PBXBuildFile; fileRef = 802B6367269F8EE0002A996E /* ServiceCVCell.swift */; };
		8030620A26CD82570010360D /* HtmlViewVC.swift in Sources */ = {isa = PBXBuildFile; fileRef = 8030620926CD82570010360D /* HtmlViewVC.swift */; };
		8030621426CED05F0010360D /* OrderFeedbackVC.swift in Sources */ = {isa = PBXBuildFile; fileRef = 8030621326CED05F0010360D /* OrderFeedbackVC.swift */; };
		80354D9326C97D7100BAACF3 /* ContactUsVC.swift in Sources */ = {isa = PBXBuildFile; fileRef = 80354D9226C97D7100BAACF3 /* ContactUsVC.swift */; };
		80354D9526C9843A00BAACF3 /* NotesTextView.swift in Sources */ = {isa = PBXBuildFile; fileRef = 80354D9426C9843A00BAACF3 /* NotesTextView.swift */; };
		80354D9726C9922C00BAACF3 /* AboutUsVC.swift in Sources */ = {isa = PBXBuildFile; fileRef = 80354D9626C9922C00BAACF3 /* AboutUsVC.swift */; };
		803CE01426C7E794007807E0 /* SmartDownPicker.swift in Sources */ = {isa = PBXBuildFile; fileRef = 803CE01326C7E794007807E0 /* SmartDownPicker.swift */; };
		803CE01626C7F4FB007807E0 /* FakeDataHelper.swift in Sources */ = {isa = PBXBuildFile; fileRef = 803CE01526C7F4FB007807E0 /* FakeDataHelper.swift */; };
		803CE01826C80273007807E0 /* Address.swift in Sources */ = {isa = PBXBuildFile; fileRef = 803CE01726C80273007807E0 /* Address.swift */; };
		803CE01A26C80321007807E0 /* AddressTVCell.swift in Sources */ = {isa = PBXBuildFile; fileRef = 803CE01926C80321007807E0 /* AddressTVCell.swift */; };
		803CE01C26C81294007807E0 /* OrderConfirmationVC.swift in Sources */ = {isa = PBXBuildFile; fileRef = 803CE01B26C81294007807E0 /* OrderConfirmationVC.swift */; };
		803CE01E26C8377D007807E0 /* NewAddressVC.swift in Sources */ = {isa = PBXBuildFile; fileRef = 803CE01D26C8377D007807E0 /* NewAddressVC.swift */; };
		803D646B26B65F9B0020D223 /* LegacySegmentedControl.swift in Sources */ = {isa = PBXBuildFile; fileRef = 803D646A26B65F9B0020D223 /* LegacySegmentedControl.swift */; };
		8080E79A26B06E6F00818768 /* NotificationVC.swift in Sources */ = {isa = PBXBuildFile; fileRef = 8080E79926B06E6F00818768 /* NotificationVC.swift */; };
		8081046A269B4652008B5E4C /* AppDelegate.swift in Sources */ = {isa = PBXBuildFile; fileRef = 80810469269B4652008B5E4C /* AppDelegate.swift */; };
		8081046C269B4652008B5E4C /* SceneDelegate.swift in Sources */ = {isa = PBXBuildFile; fileRef = 8081046B269B4652008B5E4C /* SceneDelegate.swift */; };
		8081046E269B4652008B5E4C /* SplashVC.swift in Sources */ = {isa = PBXBuildFile; fileRef = 8081046D269B4652008B5E4C /* SplashVC.swift */; };
		80810473269B4653008B5E4C /* Assets.xcassets in Resources */ = {isa = PBXBuildFile; fileRef = 80810472269B4653008B5E4C /* Assets.xcassets */; };
		80810476269B4653008B5E4C /* LaunchScreen.storyboard in Resources */ = {isa = PBXBuildFile; fileRef = 80810474269B4653008B5E4C /* LaunchScreen.storyboard */; };
		808FEC2E26D813510097DA61 /* ChooseItemVC.swift in Sources */ = {isa = PBXBuildFile; fileRef = 808FEC2D26D813510097DA61 /* ChooseItemVC.swift */; };
		809BA841269C8760005B51F7 /* OpenSans-ExtraBoldItalic.ttf in Resources */ = {isa = PBXBuildFile; fileRef = 809BA837269C875F005B51F7 /* OpenSans-ExtraBoldItalic.ttf */; };
		809BA842269C8760005B51F7 /* OpenSans-ExtraBold.ttf in Resources */ = {isa = PBXBuildFile; fileRef = 809BA838269C875F005B51F7 /* OpenSans-ExtraBold.ttf */; };
		809BA843269C8760005B51F7 /* OpenSans-Regular.ttf in Resources */ = {isa = PBXBuildFile; fileRef = 809BA839269C8760005B51F7 /* OpenSans-Regular.ttf */; };
		809BA844269C8760005B51F7 /* OpenSans-Bold.ttf in Resources */ = {isa = PBXBuildFile; fileRef = 809BA83A269C8760005B51F7 /* OpenSans-Bold.ttf */; };
		809BA845269C8760005B51F7 /* OpenSans-SemiBold.ttf in Resources */ = {isa = PBXBuildFile; fileRef = 809BA83B269C8760005B51F7 /* OpenSans-SemiBold.ttf */; };
		809BA846269C8760005B51F7 /* OpenSans-BoldItalic.ttf in Resources */ = {isa = PBXBuildFile; fileRef = 809BA83C269C8760005B51F7 /* OpenSans-BoldItalic.ttf */; };
		809BA847269C8760005B51F7 /* OpenSans-LightItalic.ttf in Resources */ = {isa = PBXBuildFile; fileRef = 809BA83D269C8760005B51F7 /* OpenSans-LightItalic.ttf */; };
		809BA848269C8760005B51F7 /* OpenSans-SemiBoldItalic.ttf in Resources */ = {isa = PBXBuildFile; fileRef = 809BA83E269C8760005B51F7 /* OpenSans-SemiBoldItalic.ttf */; };
		809BA849269C8760005B51F7 /* OpenSans-Italic.ttf in Resources */ = {isa = PBXBuildFile; fileRef = 809BA83F269C8760005B51F7 /* OpenSans-Italic.ttf */; };
		809BA84A269C8760005B51F7 /* OpenSans-Light.ttf in Resources */ = {isa = PBXBuildFile; fileRef = 809BA840269C8760005B51F7 /* OpenSans-Light.ttf */; };
		809BA84C269C882D005B51F7 /* WelcomeVC.swift in Sources */ = {isa = PBXBuildFile; fileRef = 809BA84B269C882C005B51F7 /* WelcomeVC.swift */; };
		809BA84E269C8DCE005B51F7 /* UIWindow.swift in Sources */ = {isa = PBXBuildFile; fileRef = 809BA84D269C8DCE005B51F7 /* UIWindow.swift */; };
		809BA853269C9126005B51F7 /* UIColor.swift in Sources */ = {isa = PBXBuildFile; fileRef = 809BA852269C9126005B51F7 /* UIColor.swift */; };
		809BA855269C94EE005B51F7 /* NavigationController.swift in Sources */ = {isa = PBXBuildFile; fileRef = 809BA854269C94EE005B51F7 /* NavigationController.swift */; };
		809BA857269C9551005B51F7 /* ElNavigato.swift in Sources */ = {isa = PBXBuildFile; fileRef = 809BA856269C9551005B51F7 /* ElNavigato.swift */; };
		809BA859269CA7CF005B51F7 /* FontUtil.swift in Sources */ = {isa = PBXBuildFile; fileRef = 809BA858269CA7CF005B51F7 /* FontUtil.swift */; };
		809BA85C269CB05F005B51F7 /* GradientCard.swift in Sources */ = {isa = PBXBuildFile; fileRef = 809BA85B269CB05F005B51F7 /* GradientCard.swift */; };
		809BA85E269CB4D9005B51F7 /* WelcomeCVCell.swift in Sources */ = {isa = PBXBuildFile; fileRef = 809BA85D269CB4D9005B51F7 /* WelcomeCVCell.swift */; };
		809BA860269CCB96005B51F7 /* UIButton.swift in Sources */ = {isa = PBXBuildFile; fileRef = 809BA85F269CCB96005B51F7 /* UIButton.swift */; };
		809D8B1426B1B35B004B3FA2 /* ManageAddressVC.swift in Sources */ = {isa = PBXBuildFile; fileRef = 809D8B1326B1B35B004B3FA2 /* ManageAddressVC.swift */; };
		809D8B1626B1B9D3004B3FA2 /* MyCartVC.swift in Sources */ = {isa = PBXBuildFile; fileRef = 809D8B1526B1B9D3004B3FA2 /* MyCartVC.swift */; };
		809D8B1926B1BECA004B3FA2 /* MyOrderVC.swift in Sources */ = {isa = PBXBuildFile; fileRef = 809D8B1826B1BECA004B3FA2 /* MyOrderVC.swift */; };
		809D8B1B26B1C26A004B3FA2 /* OnGoingOrderSegmentVC.swift in Sources */ = {isa = PBXBuildFile; fileRef = 809D8B1A26B1C26A004B3FA2 /* OnGoingOrderSegmentVC.swift */; };
		809D8B1D26B1C288004B3FA2 /* CompletedOrderSegmentVC.swift in Sources */ = {isa = PBXBuildFile; fileRef = 809D8B1C26B1C288004B3FA2 /* CompletedOrderSegmentVC.swift */; };
		80AD6AA526C2F33700B23CCB /* LineView.swift in Sources */ = {isa = PBXBuildFile; fileRef = 80AD6AA426C2F33700B23CCB /* LineView.swift */; };
		80AD6AA726C2FAA700B23CCB /* MenuTVCell.swift in Sources */ = {isa = PBXBuildFile; fileRef = 80AD6AA626C2FAA700B23CCB /* MenuTVCell.swift */; };
		80AD6AA926C2FF4500B23CCB /* Menu.swift in Sources */ = {isa = PBXBuildFile; fileRef = 80AD6AA826C2FF4500B23CCB /* Menu.swift */; };
		80AD6AAB26C300EA00B23CCB /* MenuHelper.swift in Sources */ = {isa = PBXBuildFile; fileRef = 80AD6AAA26C300EA00B23CCB /* MenuHelper.swift */; };
		80AD6AAF26C30AB900B23CCB /* MenuEnum.swift in Sources */ = {isa = PBXBuildFile; fileRef = 80AD6AAE26C30AB900B23CCB /* MenuEnum.swift */; };
		80B1467A26DCFE7E0047B363 /* SearchItemVC.swift in Sources */ = {isa = PBXBuildFile; fileRef = 80B1467926DCFE7E0047B363 /* SearchItemVC.swift */; };
		80B1467C26DD1A3F0047B363 /* CartItemTVCell.swift in Sources */ = {isa = PBXBuildFile; fileRef = 80B1467B26DD1A3F0047B363 /* CartItemTVCell.swift */; };
		80B67E7926EA8C8F001C6FC6 /* OrderStep.swift in Sources */ = {isa = PBXBuildFile; fileRef = 80B67E7826EA8C8F001C6FC6 /* OrderStep.swift */; };
		80B67E7B26EA8EFC001C6FC6 /* OrderStepTVCell.swift in Sources */ = {isa = PBXBuildFile; fileRef = 80B67E7A26EA8EFC001C6FC6 /* OrderStepTVCell.swift */; };
		80B6E40A272097D600C4C74B /* LoginResponse.swift in Sources */ = {isa = PBXBuildFile; fileRef = 80B6E409272097D600C4C74B /* LoginResponse.swift */; };
		80B6E40C2720982000C4C74B /* LoginData.swift in Sources */ = {isa = PBXBuildFile; fileRef = 80B6E40B2720982000C4C74B /* LoginData.swift */; };
		80B6E40E2720984000C4C74B /* User.swift in Sources */ = {isa = PBXBuildFile; fileRef = 80B6E40D2720984000C4C74B /* User.swift */; };
		80B6E4102720987F00C4C74B /* Access.swift in Sources */ = {isa = PBXBuildFile; fileRef = 80B6E40F2720987F00C4C74B /* Access.swift */; };
		80BF134B26F3B75700089D2E /* ShippingAndPaymentVC.swift in Sources */ = {isa = PBXBuildFile; fileRef = 80BF134A26F3B75700089D2E /* ShippingAndPaymentVC.swift */; };
		80BF134D26F3C97400089D2E /* DatePickerView.swift in Sources */ = {isa = PBXBuildFile; fileRef = 80BF134C26F3C97400089D2E /* DatePickerView.swift */; };
		80BFD74D26BAF6CF003ADAF1 /* LoginVC.swift in Sources */ = {isa = PBXBuildFile; fileRef = 80BFD74C26BAF6CF003ADAF1 /* LoginVC.swift */; };
		80D3772826BFDE1600FD3D01 /* splash_animation.gif in Resources */ = {isa = PBXBuildFile; fileRef = 80D3772726BFDE1600FD3D01 /* splash_animation.gif */; };
		80D3772A26BFE1D500FD3D01 /* SignupVC.swift in Sources */ = {isa = PBXBuildFile; fileRef = 80D3772926BFE1D500FD3D01 /* SignupVC.swift */; };
		80D3772C26BFE51900FD3D01 /* ForgotPasswordVC.swift in Sources */ = {isa = PBXBuildFile; fileRef = 80D3772B26BFE51900FD3D01 /* ForgotPasswordVC.swift */; };
		80D3772E26BFE69800FD3D01 /* NewPasswordVC.swift in Sources */ = {isa = PBXBuildFile; fileRef = 80D3772D26BFE69800FD3D01 /* NewPasswordVC.swift */; };
		80D3773026BFE86C00FD3D01 /* ProfilePhotoUploadVC.swift in Sources */ = {isa = PBXBuildFile; fileRef = 80D3772F26BFE86C00FD3D01 /* ProfilePhotoUploadVC.swift */; };
		80D3773226BFECB600FD3D01 /* CongratulationVC.swift in Sources */ = {isa = PBXBuildFile; fileRef = 80D3773126BFECB600FD3D01 /* CongratulationVC.swift */; };
		80D658F126DAB77E00800275 /* ItemTVCell.swift in Sources */ = {isa = PBXBuildFile; fileRef = 80D658F026DAB77E00800275 /* ItemTVCell.swift */; };
		80D658F326DACD6A00800275 /* ResourceUtil.swift in Sources */ = {isa = PBXBuildFile; fileRef = 80D658F226DACD6A00800275 /* ResourceUtil.swift */; };
		80F0541426BDA55200149164 /* GMFTabViewItem.swift in Sources */ = {isa = PBXBuildFile; fileRef = 80F0541326BDA55200149164 /* GMFTabViewItem.swift */; };
		80F0541626BDA8A600149164 /* TabNavigationVC.swift in Sources */ = {isa = PBXBuildFile; fileRef = 80F0541526BDA8A600149164 /* TabNavigationVC.swift */; };
		80F0541826BDA96100149164 /* DeviceInfoHelper.swift in Sources */ = {isa = PBXBuildFile; fileRef = 80F0541726BDA96100149164 /* DeviceInfoHelper.swift */; };
		80F0541A26BDAD5300149164 /* ProfileVC.swift in Sources */ = {isa = PBXBuildFile; fileRef = 80F0541926BDAD5300149164 /* ProfileVC.swift */; };
		80FBE620271B455D001C05E6 /* Service.swift in Sources */ = {isa = PBXBuildFile; fileRef = 80FBE61F271B455D001C05E6 /* Service.swift */; };
		80FBE622271B4569001C05E6 /* ServiceData.swift in Sources */ = {isa = PBXBuildFile; fileRef = 80FBE621271B4569001C05E6 /* ServiceData.swift */; };
		80FBE624271B4574001C05E6 /* ServiceResponse.swift in Sources */ = {isa = PBXBuildFile; fileRef = 80FBE623271B4574001C05E6 /* ServiceResponse.swift */; };
		80FBE627271B4EB9001C05E6 /* Variant.swift in Sources */ = {isa = PBXBuildFile; fileRef = 80FBE626271B4EB9001C05E6 /* Variant.swift */; };
		80FBE629271B4EC4001C05E6 /* VariantData.swift in Sources */ = {isa = PBXBuildFile; fileRef = 80FBE628271B4EC4001C05E6 /* VariantData.swift */; };
		80FBE62B271B4ED2001C05E6 /* VariantResponse.swift in Sources */ = {isa = PBXBuildFile; fileRef = 80FBE62A271B4ED2001C05E6 /* VariantResponse.swift */; };
		80FBE62E271B626C001C05E6 /* Product.swift in Sources */ = {isa = PBXBuildFile; fileRef = 80FBE62D271B626C001C05E6 /* Product.swift */; };
		80FBE630271B6290001C05E6 /* ProductData.swift in Sources */ = {isa = PBXBuildFile; fileRef = 80FBE62F271B6290001C05E6 /* ProductData.swift */; };
		80FBE632271B62AB001C05E6 /* ProductResponse.swift in Sources */ = {isa = PBXBuildFile; fileRef = 80FBE631271B62AB001C05E6 /* ProductResponse.swift */; };
/* End PBXBuildFile section */

/* Begin PBXFileReference section */
		0065F497E898A726B0A5093C /* Pods-ironman.debug.xcconfig */ = {isa = PBXFileReference; includeInIndex = 1; lastKnownFileType = text.xcconfig; name = "Pods-ironman.debug.xcconfig"; path = "Target Support Files/Pods-ironman/Pods-ironman.debug.xcconfig"; sourceTree = "<group>"; };
		273EE12F26BB05B900753E2A /* BaseVC.swift */ = {isa = PBXFileReference; fileEncoding = 4; lastKnownFileType = sourcecode.swift; path = BaseVC.swift; sourceTree = "<group>"; };
		273EE13526BB076900753E2A /* SmartTextField.swift */ = {isa = PBXFileReference; fileEncoding = 4; lastKnownFileType = sourcecode.swift; path = SmartTextField.swift; sourceTree = "<group>"; };
		273EE13826BB098000753E2A /* AppConst.swift */ = {isa = PBXFileReference; lastKnownFileType = sourcecode.swift; path = AppConst.swift; sourceTree = "<group>"; };
		273EE13A26BB1AB700753E2A /* UIView.swift */ = {isa = PBXFileReference; lastKnownFileType = sourcecode.swift; path = UIView.swift; sourceTree = "<group>"; };
		40B09AA02563D2B6FAAAE034 /* Pods-ironman.release.xcconfig */ = {isa = PBXFileReference; includeInIndex = 1; lastKnownFileType = text.xcconfig; name = "Pods-ironman.release.xcconfig"; path = "Target Support Files/Pods-ironman/Pods-ironman.release.xcconfig"; sourceTree = "<group>"; };
		5F256058C515E8D0ABF9B11A /* Pods_ironman.framework */ = {isa = PBXFileReference; explicitFileType = wrapper.framework; includeInIndex = 0; path = Pods_ironman.framework; sourceTree = BUILT_PRODUCTS_DIR; };
		800EBB6426C5A6CA0052CAA3 /* MenuLogoutTVCell.swift */ = {isa = PBXFileReference; lastKnownFileType = sourcecode.swift; path = MenuLogoutTVCell.swift; sourceTree = "<group>"; };
		800EBB6726C5AB580052CAA3 /* EditProfileVC.swift */ = {isa = PBXFileReference; lastKnownFileType = sourcecode.swift; path = EditProfileVC.swift; sourceTree = "<group>"; };
		8017149426C0448C00FD9CE7 /* CacheData.swift */ = {isa = PBXFileReference; lastKnownFileType = sourcecode.swift; path = CacheData.swift; sourceTree = "<group>"; };
		80204D6D26F65FC800493104 /* Date.swift */ = {isa = PBXFileReference; lastKnownFileType = sourcecode.swift; path = Date.swift; sourceTree = "<group>"; };
		80273041271492A00036E219 /* Banner.swift */ = {isa = PBXFileReference; lastKnownFileType = sourcecode.swift; path = Banner.swift; sourceTree = "<group>"; };
		80273043271493130036E219 /* BannerData.swift */ = {isa = PBXFileReference; lastKnownFileType = sourcecode.swift; path = BannerData.swift; sourceTree = "<group>"; };
		80273045271493B00036E219 /* BannerResponse.swift */ = {isa = PBXFileReference; lastKnownFileType = sourcecode.swift; path = BannerResponse.swift; sourceTree = "<group>"; };
		802730482714ACE50036E219 /* UIImageView.swift */ = {isa = PBXFileReference; lastKnownFileType = sourcecode.swift; path = UIImageView.swift; sourceTree = "<group>"; };
		802B6363269F71E5002A996E /* HomeVC.swift */ = {isa = PBXFileReference; lastKnownFileType = sourcecode.swift; path = HomeVC.swift; sourceTree = "<group>"; };
		802B6365269F8169002A996E /* BannerCVCell.swift */ = {isa = PBXFileReference; lastKnownFileType = sourcecode.swift; path = BannerCVCell.swift; sourceTree = "<group>"; };
		802B6367269F8EE0002A996E /* ServiceCVCell.swift */ = {isa = PBXFileReference; lastKnownFileType = sourcecode.swift; path = ServiceCVCell.swift; sourceTree = "<group>"; };
		8030620926CD82570010360D /* HtmlViewVC.swift */ = {isa = PBXFileReference; lastKnownFileType = sourcecode.swift; path = HtmlViewVC.swift; sourceTree = "<group>"; };
		8030621326CED05F0010360D /* OrderFeedbackVC.swift */ = {isa = PBXFileReference; lastKnownFileType = sourcecode.swift; path = OrderFeedbackVC.swift; sourceTree = "<group>"; };
		80354D9226C97D7100BAACF3 /* ContactUsVC.swift */ = {isa = PBXFileReference; lastKnownFileType = sourcecode.swift; path = ContactUsVC.swift; sourceTree = "<group>"; };
		80354D9426C9843A00BAACF3 /* NotesTextView.swift */ = {isa = PBXFileReference; lastKnownFileType = sourcecode.swift; path = NotesTextView.swift; sourceTree = "<group>"; };
		80354D9626C9922C00BAACF3 /* AboutUsVC.swift */ = {isa = PBXFileReference; lastKnownFileType = sourcecode.swift; path = AboutUsVC.swift; sourceTree = "<group>"; };
		803CE01326C7E794007807E0 /* SmartDownPicker.swift */ = {isa = PBXFileReference; lastKnownFileType = sourcecode.swift; path = SmartDownPicker.swift; sourceTree = "<group>"; };
		803CE01526C7F4FB007807E0 /* FakeDataHelper.swift */ = {isa = PBXFileReference; lastKnownFileType = sourcecode.swift; path = FakeDataHelper.swift; sourceTree = "<group>"; };
		803CE01726C80273007807E0 /* Address.swift */ = {isa = PBXFileReference; lastKnownFileType = sourcecode.swift; path = Address.swift; sourceTree = "<group>"; };
		803CE01926C80321007807E0 /* AddressTVCell.swift */ = {isa = PBXFileReference; lastKnownFileType = sourcecode.swift; path = AddressTVCell.swift; sourceTree = "<group>"; };
		803CE01B26C81294007807E0 /* OrderConfirmationVC.swift */ = {isa = PBXFileReference; lastKnownFileType = sourcecode.swift; path = OrderConfirmationVC.swift; sourceTree = "<group>"; };
		803CE01D26C8377D007807E0 /* NewAddressVC.swift */ = {isa = PBXFileReference; lastKnownFileType = sourcecode.swift; path = NewAddressVC.swift; sourceTree = "<group>"; };
		803D646A26B65F9B0020D223 /* LegacySegmentedControl.swift */ = {isa = PBXFileReference; lastKnownFileType = sourcecode.swift; path = LegacySegmentedControl.swift; sourceTree = "<group>"; };
		8080E79926B06E6F00818768 /* NotificationVC.swift */ = {isa = PBXFileReference; lastKnownFileType = sourcecode.swift; path = NotificationVC.swift; sourceTree = "<group>"; };
		80810466269B4652008B5E4C /* ironman.app */ = {isa = PBXFileReference; explicitFileType = wrapper.application; includeInIndex = 0; path = ironman.app; sourceTree = BUILT_PRODUCTS_DIR; };
		80810469269B4652008B5E4C /* AppDelegate.swift */ = {isa = PBXFileReference; lastKnownFileType = sourcecode.swift; path = AppDelegate.swift; sourceTree = "<group>"; };
		8081046B269B4652008B5E4C /* SceneDelegate.swift */ = {isa = PBXFileReference; lastKnownFileType = sourcecode.swift; path = SceneDelegate.swift; sourceTree = "<group>"; };
		8081046D269B4652008B5E4C /* SplashVC.swift */ = {isa = PBXFileReference; lastKnownFileType = sourcecode.swift; path = SplashVC.swift; sourceTree = "<group>"; };
		80810472269B4653008B5E4C /* Assets.xcassets */ = {isa = PBXFileReference; lastKnownFileType = folder.assetcatalog; path = Assets.xcassets; sourceTree = "<group>"; };
		80810475269B4653008B5E4C /* Base */ = {isa = PBXFileReference; lastKnownFileType = file.storyboard; name = Base; path = Base.lproj/LaunchScreen.storyboard; sourceTree = "<group>"; };
		80810477269B4653008B5E4C /* Info.plist */ = {isa = PBXFileReference; lastKnownFileType = text.plist.xml; path = Info.plist; sourceTree = "<group>"; };
		808FEC2D26D813510097DA61 /* ChooseItemVC.swift */ = {isa = PBXFileReference; lastKnownFileType = sourcecode.swift; path = ChooseItemVC.swift; sourceTree = "<group>"; };
		809BA837269C875F005B51F7 /* OpenSans-ExtraBoldItalic.ttf */ = {isa = PBXFileReference; lastKnownFileType = file; path = "OpenSans-ExtraBoldItalic.ttf"; sourceTree = "<group>"; };
		809BA838269C875F005B51F7 /* OpenSans-ExtraBold.ttf */ = {isa = PBXFileReference; lastKnownFileType = file; path = "OpenSans-ExtraBold.ttf"; sourceTree = "<group>"; };
		809BA839269C8760005B51F7 /* OpenSans-Regular.ttf */ = {isa = PBXFileReference; lastKnownFileType = file; path = "OpenSans-Regular.ttf"; sourceTree = "<group>"; };
		809BA83A269C8760005B51F7 /* OpenSans-Bold.ttf */ = {isa = PBXFileReference; lastKnownFileType = file; path = "OpenSans-Bold.ttf"; sourceTree = "<group>"; };
		809BA83B269C8760005B51F7 /* OpenSans-SemiBold.ttf */ = {isa = PBXFileReference; lastKnownFileType = file; path = "OpenSans-SemiBold.ttf"; sourceTree = "<group>"; };
		809BA83C269C8760005B51F7 /* OpenSans-BoldItalic.ttf */ = {isa = PBXFileReference; lastKnownFileType = file; path = "OpenSans-BoldItalic.ttf"; sourceTree = "<group>"; };
		809BA83D269C8760005B51F7 /* OpenSans-LightItalic.ttf */ = {isa = PBXFileReference; lastKnownFileType = file; path = "OpenSans-LightItalic.ttf"; sourceTree = "<group>"; };
		809BA83E269C8760005B51F7 /* OpenSans-SemiBoldItalic.ttf */ = {isa = PBXFileReference; lastKnownFileType = file; path = "OpenSans-SemiBoldItalic.ttf"; sourceTree = "<group>"; };
		809BA83F269C8760005B51F7 /* OpenSans-Italic.ttf */ = {isa = PBXFileReference; lastKnownFileType = file; path = "OpenSans-Italic.ttf"; sourceTree = "<group>"; };
		809BA840269C8760005B51F7 /* OpenSans-Light.ttf */ = {isa = PBXFileReference; lastKnownFileType = file; path = "OpenSans-Light.ttf"; sourceTree = "<group>"; };
		809BA84B269C882C005B51F7 /* WelcomeVC.swift */ = {isa = PBXFileReference; lastKnownFileType = sourcecode.swift; path = WelcomeVC.swift; sourceTree = "<group>"; };
		809BA84D269C8DCE005B51F7 /* UIWindow.swift */ = {isa = PBXFileReference; lastKnownFileType = sourcecode.swift; path = UIWindow.swift; sourceTree = "<group>"; };
		809BA852269C9126005B51F7 /* UIColor.swift */ = {isa = PBXFileReference; lastKnownFileType = sourcecode.swift; path = UIColor.swift; sourceTree = "<group>"; };
		809BA854269C94EE005B51F7 /* NavigationController.swift */ = {isa = PBXFileReference; lastKnownFileType = sourcecode.swift; path = NavigationController.swift; sourceTree = "<group>"; };
		809BA856269C9551005B51F7 /* ElNavigato.swift */ = {isa = PBXFileReference; lastKnownFileType = sourcecode.swift; path = ElNavigato.swift; sourceTree = "<group>"; };
		809BA858269CA7CF005B51F7 /* FontUtil.swift */ = {isa = PBXFileReference; lastKnownFileType = sourcecode.swift; path = FontUtil.swift; sourceTree = "<group>"; };
		809BA85B269CB05F005B51F7 /* GradientCard.swift */ = {isa = PBXFileReference; lastKnownFileType = sourcecode.swift; path = GradientCard.swift; sourceTree = "<group>"; };
		809BA85D269CB4D9005B51F7 /* WelcomeCVCell.swift */ = {isa = PBXFileReference; lastKnownFileType = sourcecode.swift; path = WelcomeCVCell.swift; sourceTree = "<group>"; };
		809BA85F269CCB96005B51F7 /* UIButton.swift */ = {isa = PBXFileReference; lastKnownFileType = sourcecode.swift; path = UIButton.swift; sourceTree = "<group>"; };
		809D8B1326B1B35B004B3FA2 /* ManageAddressVC.swift */ = {isa = PBXFileReference; lastKnownFileType = sourcecode.swift; path = ManageAddressVC.swift; sourceTree = "<group>"; };
		809D8B1526B1B9D3004B3FA2 /* MyCartVC.swift */ = {isa = PBXFileReference; lastKnownFileType = sourcecode.swift; path = MyCartVC.swift; sourceTree = "<group>"; };
		809D8B1826B1BECA004B3FA2 /* MyOrderVC.swift */ = {isa = PBXFileReference; lastKnownFileType = sourcecode.swift; path = MyOrderVC.swift; sourceTree = "<group>"; };
		809D8B1A26B1C26A004B3FA2 /* OnGoingOrderSegmentVC.swift */ = {isa = PBXFileReference; lastKnownFileType = sourcecode.swift; path = OnGoingOrderSegmentVC.swift; sourceTree = "<group>"; };
		809D8B1C26B1C288004B3FA2 /* CompletedOrderSegmentVC.swift */ = {isa = PBXFileReference; lastKnownFileType = sourcecode.swift; path = CompletedOrderSegmentVC.swift; sourceTree = "<group>"; };
		80AD6AA426C2F33700B23CCB /* LineView.swift */ = {isa = PBXFileReference; lastKnownFileType = sourcecode.swift; path = LineView.swift; sourceTree = "<group>"; };
		80AD6AA626C2FAA700B23CCB /* MenuTVCell.swift */ = {isa = PBXFileReference; lastKnownFileType = sourcecode.swift; path = MenuTVCell.swift; sourceTree = "<group>"; };
		80AD6AA826C2FF4500B23CCB /* Menu.swift */ = {isa = PBXFileReference; lastKnownFileType = sourcecode.swift; path = Menu.swift; sourceTree = "<group>"; };
		80AD6AAA26C300EA00B23CCB /* MenuHelper.swift */ = {isa = PBXFileReference; lastKnownFileType = sourcecode.swift; path = MenuHelper.swift; sourceTree = "<group>"; };
		80AD6AAE26C30AB900B23CCB /* MenuEnum.swift */ = {isa = PBXFileReference; lastKnownFileType = sourcecode.swift; path = MenuEnum.swift; sourceTree = "<group>"; };
		80B1467926DCFE7E0047B363 /* SearchItemVC.swift */ = {isa = PBXFileReference; lastKnownFileType = sourcecode.swift; path = SearchItemVC.swift; sourceTree = "<group>"; };
		80B1467B26DD1A3F0047B363 /* CartItemTVCell.swift */ = {isa = PBXFileReference; lastKnownFileType = sourcecode.swift; path = CartItemTVCell.swift; sourceTree = "<group>"; };
		80B67E7826EA8C8F001C6FC6 /* OrderStep.swift */ = {isa = PBXFileReference; lastKnownFileType = sourcecode.swift; path = OrderStep.swift; sourceTree = "<group>"; };
		80B67E7A26EA8EFC001C6FC6 /* OrderStepTVCell.swift */ = {isa = PBXFileReference; lastKnownFileType = sourcecode.swift; path = OrderStepTVCell.swift; sourceTree = "<group>"; };
		80B6E409272097D600C4C74B /* LoginResponse.swift */ = {isa = PBXFileReference; lastKnownFileType = sourcecode.swift; path = LoginResponse.swift; sourceTree = "<group>"; };
		80B6E40B2720982000C4C74B /* LoginData.swift */ = {isa = PBXFileReference; lastKnownFileType = sourcecode.swift; path = LoginData.swift; sourceTree = "<group>"; };
		80B6E40D2720984000C4C74B /* User.swift */ = {isa = PBXFileReference; lastKnownFileType = sourcecode.swift; path = User.swift; sourceTree = "<group>"; };
		80B6E40F2720987F00C4C74B /* Access.swift */ = {isa = PBXFileReference; lastKnownFileType = sourcecode.swift; path = Access.swift; sourceTree = "<group>"; };
		80BF134A26F3B75700089D2E /* ShippingAndPaymentVC.swift */ = {isa = PBXFileReference; lastKnownFileType = sourcecode.swift; path = ShippingAndPaymentVC.swift; sourceTree = "<group>"; };
		80BF134C26F3C97400089D2E /* DatePickerView.swift */ = {isa = PBXFileReference; lastKnownFileType = sourcecode.swift; path = DatePickerView.swift; sourceTree = "<group>"; };
		80BFD74C26BAF6CF003ADAF1 /* LoginVC.swift */ = {isa = PBXFileReference; lastKnownFileType = sourcecode.swift; path = LoginVC.swift; sourceTree = "<group>"; };
		80D3772726BFDE1600FD3D01 /* splash_animation.gif */ = {isa = PBXFileReference; lastKnownFileType = image.gif; path = splash_animation.gif; sourceTree = "<group>"; };
		80D3772926BFE1D500FD3D01 /* SignupVC.swift */ = {isa = PBXFileReference; lastKnownFileType = sourcecode.swift; path = SignupVC.swift; sourceTree = "<group>"; };
		80D3772B26BFE51900FD3D01 /* ForgotPasswordVC.swift */ = {isa = PBXFileReference; lastKnownFileType = sourcecode.swift; path = ForgotPasswordVC.swift; sourceTree = "<group>"; };
		80D3772D26BFE69800FD3D01 /* NewPasswordVC.swift */ = {isa = PBXFileReference; lastKnownFileType = sourcecode.swift; path = NewPasswordVC.swift; sourceTree = "<group>"; };
		80D3772F26BFE86C00FD3D01 /* ProfilePhotoUploadVC.swift */ = {isa = PBXFileReference; lastKnownFileType = sourcecode.swift; path = ProfilePhotoUploadVC.swift; sourceTree = "<group>"; };
		80D3773126BFECB600FD3D01 /* CongratulationVC.swift */ = {isa = PBXFileReference; lastKnownFileType = sourcecode.swift; path = CongratulationVC.swift; sourceTree = "<group>"; };
		80D658F026DAB77E00800275 /* ItemTVCell.swift */ = {isa = PBXFileReference; lastKnownFileType = sourcecode.swift; path = ItemTVCell.swift; sourceTree = "<group>"; };
		80D658F226DACD6A00800275 /* ResourceUtil.swift */ = {isa = PBXFileReference; lastKnownFileType = sourcecode.swift; path = ResourceUtil.swift; sourceTree = "<group>"; };
		80F0541326BDA55200149164 /* GMFTabViewItem.swift */ = {isa = PBXFileReference; lastKnownFileType = sourcecode.swift; path = GMFTabViewItem.swift; sourceTree = "<group>"; };
		80F0541526BDA8A600149164 /* TabNavigationVC.swift */ = {isa = PBXFileReference; lastKnownFileType = sourcecode.swift; path = TabNavigationVC.swift; sourceTree = "<group>"; };
		80F0541726BDA96100149164 /* DeviceInfoHelper.swift */ = {isa = PBXFileReference; lastKnownFileType = sourcecode.swift; path = DeviceInfoHelper.swift; sourceTree = "<group>"; };
		80F0541926BDAD5300149164 /* ProfileVC.swift */ = {isa = PBXFileReference; lastKnownFileType = sourcecode.swift; path = ProfileVC.swift; sourceTree = "<group>"; };
		80FBE61F271B455D001C05E6 /* Service.swift */ = {isa = PBXFileReference; lastKnownFileType = sourcecode.swift; path = Service.swift; sourceTree = "<group>"; };
		80FBE621271B4569001C05E6 /* ServiceData.swift */ = {isa = PBXFileReference; lastKnownFileType = sourcecode.swift; path = ServiceData.swift; sourceTree = "<group>"; };
		80FBE623271B4574001C05E6 /* ServiceResponse.swift */ = {isa = PBXFileReference; lastKnownFileType = sourcecode.swift; path = ServiceResponse.swift; sourceTree = "<group>"; };
		80FBE626271B4EB9001C05E6 /* Variant.swift */ = {isa = PBXFileReference; lastKnownFileType = sourcecode.swift; path = Variant.swift; sourceTree = "<group>"; };
		80FBE628271B4EC4001C05E6 /* VariantData.swift */ = {isa = PBXFileReference; lastKnownFileType = sourcecode.swift; path = VariantData.swift; sourceTree = "<group>"; };
		80FBE62A271B4ED2001C05E6 /* VariantResponse.swift */ = {isa = PBXFileReference; lastKnownFileType = sourcecode.swift; path = VariantResponse.swift; sourceTree = "<group>"; };
		80FBE62D271B626C001C05E6 /* Product.swift */ = {isa = PBXFileReference; lastKnownFileType = sourcecode.swift; path = Product.swift; sourceTree = "<group>"; };
		80FBE62F271B6290001C05E6 /* ProductData.swift */ = {isa = PBXFileReference; lastKnownFileType = sourcecode.swift; path = ProductData.swift; sourceTree = "<group>"; };
		80FBE631271B62AB001C05E6 /* ProductResponse.swift */ = {isa = PBXFileReference; lastKnownFileType = sourcecode.swift; path = ProductResponse.swift; sourceTree = "<group>"; };
/* End PBXFileReference section */

/* Begin PBXFrameworksBuildPhase section */
		80810463269B4651008B5E4C /* Frameworks */ = {
			isa = PBXFrameworksBuildPhase;
			buildActionMask = 2147483647;
			files = (
				5B1BB4F4733617C0E4A81548 /* Pods_ironman.framework in Frameworks */,
			);
			runOnlyForDeploymentPostprocessing = 0;
		};
/* End PBXFrameworksBuildPhase section */

/* Begin PBXGroup section */
		1AD801612837D86E375E6E1F /* Pods */ = {
			isa = PBXGroup;
			children = (
				0065F497E898A726B0A5093C /* Pods-ironman.debug.xcconfig */,
				40B09AA02563D2B6FAAAE034 /* Pods-ironman.release.xcconfig */,
			);
			path = Pods;
			sourceTree = "<group>";
		};
		273EE12E26BB05B900753E2A /* base  */ = {
			isa = PBXGroup;
			children = (
				273EE12F26BB05B900753E2A /* BaseVC.swift */,
			);
			path = "base ";
			sourceTree = "<group>";
		};
		273EE13126BB061700753E2A /* auth  */ = {
			isa = PBXGroup;
			children = (
				8081046D269B4652008B5E4C /* SplashVC.swift */,
				809BA84B269C882C005B51F7 /* WelcomeVC.swift */,
				80BFD74C26BAF6CF003ADAF1 /* LoginVC.swift */,
				80D3772926BFE1D500FD3D01 /* SignupVC.swift */,
				80D3772B26BFE51900FD3D01 /* ForgotPasswordVC.swift */,
				80D3772D26BFE69800FD3D01 /* NewPasswordVC.swift */,
				80D3772F26BFE86C00FD3D01 /* ProfilePhotoUploadVC.swift */,
				80D3773126BFECB600FD3D01 /* CongratulationVC.swift */,
			);
			path = "auth ";
			sourceTree = "<group>";
		};
		273EE13226BB063100753E2A /* dashboard */ = {
			isa = PBXGroup;
			children = (
				802B6363269F71E5002A996E /* HomeVC.swift */,
				8080E79926B06E6F00818768 /* NotificationVC.swift */,
				80F0541526BDA8A600149164 /* TabNavigationVC.swift */,
				80F0541926BDAD5300149164 /* ProfileVC.swift */,
			);
			path = dashboard;
			sourceTree = "<group>";
		};
		273EE13326BB072200753E2A /* customes */ = {
			isa = PBXGroup;
			children = (
				273EE13426BB074D00753E2A /* controls */,
			);
			path = customes;
			sourceTree = "<group>";
		};
		273EE13426BB074D00753E2A /* controls */ = {
			isa = PBXGroup;
			children = (
				273EE13526BB076900753E2A /* SmartTextField.swift */,
				80F0541326BDA55200149164 /* GMFTabViewItem.swift */,
				803CE01326C7E794007807E0 /* SmartDownPicker.swift */,
			);
			path = controls;
			sourceTree = "<group>";
		};
		800EBB6626C5AB040052CAA3 /* profile */ = {
			isa = PBXGroup;
			children = (
				809D8B1326B1B35B004B3FA2 /* ManageAddressVC.swift */,
				800EBB6726C5AB580052CAA3 /* EditProfileVC.swift */,
				803CE01D26C8377D007807E0 /* NewAddressVC.swift */,
				80354D9226C97D7100BAACF3 /* ContactUsVC.swift */,
				80354D9626C9922C00BAACF3 /* AboutUsVC.swift */,
				8030620926CD82570010360D /* HtmlViewVC.swift */,
			);
			path = profile;
			sourceTree = "<group>";
		};
		80273047271493D80036E219 /* banner */ = {
			isa = PBXGroup;
			children = (
				80273041271492A00036E219 /* Banner.swift */,
				80273043271493130036E219 /* BannerData.swift */,
				80273045271493B00036E219 /* BannerResponse.swift */,
			);
			path = banner;
			sourceTree = "<group>";
		};
		804952E6695FF01701346E54 /* Frameworks */ = {
			isa = PBXGroup;
			children = (
				5F256058C515E8D0ABF9B11A /* Pods_ironman.framework */,
			);
			name = Frameworks;
			sourceTree = "<group>";
		};
		8081045D269B4651008B5E4C = {
			isa = PBXGroup;
			children = (
				80810468269B4652008B5E4C /* ironman */,
				80810467269B4652008B5E4C /* Products */,
				1AD801612837D86E375E6E1F /* Pods */,
				804952E6695FF01701346E54 /* Frameworks */,
			);
			sourceTree = "<group>";
		};
		80810467269B4652008B5E4C /* Products */ = {
			isa = PBXGroup;
			children = (
				80810466269B4652008B5E4C /* ironman.app */,
			);
			name = Products;
			sourceTree = "<group>";
		};
		80810468269B4652008B5E4C /* ironman */ = {
			isa = PBXGroup;
			children = (
				80AD6AAD26C30AA700B23CCB /* enums */,
				273EE13326BB072200753E2A /* customes */,
				809BA85A269CB04A005B51F7 /* views */,
				809BA84F269C90AC005B51F7 /* navigation */,
				80810486269B5035008B5E4C /* storyboard */,
				80810484269B4FDF008B5E4C /* resources */,
				80810480269B4F86008B5E4C /* cells */,
				80810483269B4FB2008B5E4C /* extensions */,
				80810482269B4FA5008B5E4C /* viewcontrollers */,
				80810481269B4F91008B5E4C /* models */,
				8081047E269B4F71008B5E4C /* helpers */,
				8081047D269B4EAB008B5E4C /* delegates */,
				80810477269B4653008B5E4C /* Info.plist */,
				80810472269B4653008B5E4C /* Assets.xcassets */,
			);
			path = ironman;
			sourceTree = "<group>";
		};
		8081047D269B4EAB008B5E4C /* delegates */ = {
			isa = PBXGroup;
			children = (
				80810469269B4652008B5E4C /* AppDelegate.swift */,
				8081046B269B4652008B5E4C /* SceneDelegate.swift */,
			);
			path = delegates;
			sourceTree = "<group>";
		};
		8081047E269B4F71008B5E4C /* helpers */ = {
			isa = PBXGroup;
			children = (
				809BA858269CA7CF005B51F7 /* FontUtil.swift */,
				273EE13826BB098000753E2A /* AppConst.swift */,
				80F0541726BDA96100149164 /* DeviceInfoHelper.swift */,
				8017149426C0448C00FD9CE7 /* CacheData.swift */,
				80AD6AAA26C300EA00B23CCB /* MenuHelper.swift */,
				803CE01526C7F4FB007807E0 /* FakeDataHelper.swift */,
				80D658F226DACD6A00800275 /* ResourceUtil.swift */,
			);
			path = helpers;
			sourceTree = "<group>";
		};
		80810480269B4F86008B5E4C /* cells */ = {
			isa = PBXGroup;
			children = (
				809BA85D269CB4D9005B51F7 /* WelcomeCVCell.swift */,
				802B6365269F8169002A996E /* BannerCVCell.swift */,
				802B6367269F8EE0002A996E /* ServiceCVCell.swift */,
				80AD6AA626C2FAA700B23CCB /* MenuTVCell.swift */,
				800EBB6426C5A6CA0052CAA3 /* MenuLogoutTVCell.swift */,
				803CE01926C80321007807E0 /* AddressTVCell.swift */,
				80D658F026DAB77E00800275 /* ItemTVCell.swift */,
				80B1467B26DD1A3F0047B363 /* CartItemTVCell.swift */,
				80B67E7A26EA8EFC001C6FC6 /* OrderStepTVCell.swift */,
			);
			path = cells;
			sourceTree = "<group>";
		};
		80810481269B4F91008B5E4C /* models */ = {
			isa = PBXGroup;
			children = (
				80B6E408272097C700C4C74B /* auth */,
				80FBE62C271B6243001C05E6 /* product */,
				80FBE625271B4E8A001C05E6 /* variant */,
				80FBE61E271B44A1001C05E6 /* service */,
				80273047271493D80036E219 /* banner */,
				80AD6AA826C2FF4500B23CCB /* Menu.swift */,
				803CE01726C80273007807E0 /* Address.swift */,
				80B67E7826EA8C8F001C6FC6 /* OrderStep.swift */,
			);
			path = models;
			sourceTree = "<group>";
		};
		80810482269B4FA5008B5E4C /* viewcontrollers */ = {
			isa = PBXGroup;
			children = (
				80B1467826DCFE1A0047B363 /* service */,
				800EBB6626C5AB040052CAA3 /* profile */,
				273EE13126BB061700753E2A /* auth  */,
				273EE12E26BB05B900753E2A /* base  */,
				273EE13226BB063100753E2A /* dashboard */,
				809D8B1726B1BA83004B3FA2 /* order */,
			);
			path = viewcontrollers;
			sourceTree = "<group>";
		};
		80810483269B4FB2008B5E4C /* extensions */ = {
			isa = PBXGroup;
			children = (
				809BA84D269C8DCE005B51F7 /* UIWindow.swift */,
				809BA852269C9126005B51F7 /* UIColor.swift */,
				809BA85F269CCB96005B51F7 /* UIButton.swift */,
				273EE13A26BB1AB700753E2A /* UIView.swift */,
				80204D6D26F65FC800493104 /* Date.swift */,
				802730482714ACE50036E219 /* UIImageView.swift */,
			);
			path = extensions;
			sourceTree = "<group>";
		};
		80810484269B4FDF008B5E4C /* resources */ = {
			isa = PBXGroup;
			children = (
				80D3772626BFDE0700FD3D01 /* animation */,
				809BA835269C8723005B51F7 /* fonts */,
			);
			path = resources;
			sourceTree = "<group>";
		};
		80810486269B5035008B5E4C /* storyboard */ = {
			isa = PBXGroup;
			children = (
				80810474269B4653008B5E4C /* LaunchScreen.storyboard */,
			);
			path = storyboard;
			sourceTree = "<group>";
		};
		809BA835269C8723005B51F7 /* fonts */ = {
			isa = PBXGroup;
			children = (
				809BA83A269C8760005B51F7 /* OpenSans-Bold.ttf */,
				809BA83C269C8760005B51F7 /* OpenSans-BoldItalic.ttf */,
				809BA838269C875F005B51F7 /* OpenSans-ExtraBold.ttf */,
				809BA837269C875F005B51F7 /* OpenSans-ExtraBoldItalic.ttf */,
				809BA83F269C8760005B51F7 /* OpenSans-Italic.ttf */,
				809BA840269C8760005B51F7 /* OpenSans-Light.ttf */,
				809BA83D269C8760005B51F7 /* OpenSans-LightItalic.ttf */,
				809BA839269C8760005B51F7 /* OpenSans-Regular.ttf */,
				809BA83B269C8760005B51F7 /* OpenSans-SemiBold.ttf */,
				809BA83E269C8760005B51F7 /* OpenSans-SemiBoldItalic.ttf */,
			);
			path = fonts;
			sourceTree = "<group>";
		};
		809BA84F269C90AC005B51F7 /* navigation */ = {
			isa = PBXGroup;
			children = (
				809BA854269C94EE005B51F7 /* NavigationController.swift */,
				809BA856269C9551005B51F7 /* ElNavigato.swift */,
			);
			path = navigation;
			sourceTree = "<group>";
		};
		809BA85A269CB04A005B51F7 /* views */ = {
			isa = PBXGroup;
			children = (
				809BA85B269CB05F005B51F7 /* GradientCard.swift */,
				803D646A26B65F9B0020D223 /* LegacySegmentedControl.swift */,
				80AD6AA426C2F33700B23CCB /* LineView.swift */,
				80354D9426C9843A00BAACF3 /* NotesTextView.swift */,
				80BF134C26F3C97400089D2E /* DatePickerView.swift */,
			);
			path = views;
			sourceTree = "<group>";
		};
		809D8B1726B1BA83004B3FA2 /* order */ = {
			isa = PBXGroup;
			children = (
				809D8B1826B1BECA004B3FA2 /* MyOrderVC.swift */,
				809D8B1A26B1C26A004B3FA2 /* OnGoingOrderSegmentVC.swift */,
				809D8B1C26B1C288004B3FA2 /* CompletedOrderSegmentVC.swift */,
				803CE01B26C81294007807E0 /* OrderConfirmationVC.swift */,
				8030621326CED05F0010360D /* OrderFeedbackVC.swift */,
			);
			path = order;
			sourceTree = "<group>";
		};
		80AD6AAD26C30AA700B23CCB /* enums */ = {
			isa = PBXGroup;
			children = (
				80AD6AAE26C30AB900B23CCB /* MenuEnum.swift */,
			);
			path = enums;
			sourceTree = "<group>";
		};
		80B1467826DCFE1A0047B363 /* service */ = {
			isa = PBXGroup;
			children = (
				808FEC2D26D813510097DA61 /* ChooseItemVC.swift */,
				809D8B1526B1B9D3004B3FA2 /* MyCartVC.swift */,
				80B1467926DCFE7E0047B363 /* SearchItemVC.swift */,
				80BF134A26F3B75700089D2E /* ShippingAndPaymentVC.swift */,
			);
			path = service;
			sourceTree = "<group>";
		};
		80B6E408272097C700C4C74B /* auth */ = {
			isa = PBXGroup;
			children = (
				80B6E409272097D600C4C74B /* LoginResponse.swift */,
				80B6E40B2720982000C4C74B /* LoginData.swift */,
				80B6E40D2720984000C4C74B /* User.swift */,
				80B6E40F2720987F00C4C74B /* Access.swift */,
			);
			path = auth;
			sourceTree = "<group>";
		};
		80D3772626BFDE0700FD3D01 /* animation */ = {
			isa = PBXGroup;
			children = (
				80D3772726BFDE1600FD3D01 /* splash_animation.gif */,
			);
			path = animation;
			sourceTree = "<group>";
		};
		80FBE61E271B44A1001C05E6 /* service */ = {
			isa = PBXGroup;
			children = (
				80FBE61F271B455D001C05E6 /* Service.swift */,
				80FBE621271B4569001C05E6 /* ServiceData.swift */,
				80FBE623271B4574001C05E6 /* ServiceResponse.swift */,
			);
			path = service;
			sourceTree = "<group>";
		};
		80FBE625271B4E8A001C05E6 /* variant */ = {
			isa = PBXGroup;
			children = (
				80FBE626271B4EB9001C05E6 /* Variant.swift */,
				80FBE628271B4EC4001C05E6 /* VariantData.swift */,
				80FBE62A271B4ED2001C05E6 /* VariantResponse.swift */,
			);
			path = variant;
			sourceTree = "<group>";
		};
		80FBE62C271B6243001C05E6 /* product */ = {
			isa = PBXGroup;
			children = (
				80FBE62D271B626C001C05E6 /* Product.swift */,
				80FBE62F271B6290001C05E6 /* ProductData.swift */,
				80FBE631271B62AB001C05E6 /* ProductResponse.swift */,
			);
			path = product;
			sourceTree = "<group>";
		};
/* End PBXGroup section */

/* Begin PBXNativeTarget section */
		80810465269B4651008B5E4C /* ironman */ = {
			isa = PBXNativeTarget;
			buildConfigurationList = 8081047A269B4653008B5E4C /* Build configuration list for PBXNativeTarget "ironman" */;
			buildPhases = (
				74DD3CD944CD9FFFEE67DDE5 /* [CP] Check Pods Manifest.lock */,
				80810462269B4651008B5E4C /* Sources */,
				80810463269B4651008B5E4C /* Frameworks */,
				80810464269B4651008B5E4C /* Resources */,
				F645AC65117494057A00C915 /* [CP] Embed Pods Frameworks */,
			);
			buildRules = (
			);
			dependencies = (
			);
			name = ironman;
			productName = ironman;
			productReference = 80810466269B4652008B5E4C /* ironman.app */;
			productType = "com.apple.product-type.application";
		};
/* End PBXNativeTarget section */

/* Begin PBXProject section */
		8081045E269B4651008B5E4C /* Project object */ = {
			isa = PBXProject;
			attributes = {
				LastSwiftUpdateCheck = 1250;
				LastUpgradeCheck = 1250;
				TargetAttributes = {
					80810465269B4651008B5E4C = {
						CreatedOnToolsVersion = 12.5.1;
					};
				};
			};
			buildConfigurationList = 80810461269B4651008B5E4C /* Build configuration list for PBXProject "ironman" */;
			compatibilityVersion = "Xcode 9.3";
			developmentRegion = en;
			hasScannedForEncodings = 0;
			knownRegions = (
				en,
				Base,
			);
			mainGroup = 8081045D269B4651008B5E4C;
			productRefGroup = 80810467269B4652008B5E4C /* Products */;
			projectDirPath = "";
			projectRoot = "";
			targets = (
				80810465269B4651008B5E4C /* ironman */,
			);
		};
/* End PBXProject section */

/* Begin PBXResourcesBuildPhase section */
		80810464269B4651008B5E4C /* Resources */ = {
			isa = PBXResourcesBuildPhase;
			buildActionMask = 2147483647;
			files = (
				809BA843269C8760005B51F7 /* OpenSans-Regular.ttf in Resources */,
				80D3772826BFDE1600FD3D01 /* splash_animation.gif in Resources */,
				809BA849269C8760005B51F7 /* OpenSans-Italic.ttf in Resources */,
				80810476269B4653008B5E4C /* LaunchScreen.storyboard in Resources */,
				809BA845269C8760005B51F7 /* OpenSans-SemiBold.ttf in Resources */,
				809BA844269C8760005B51F7 /* OpenSans-Bold.ttf in Resources */,
				809BA848269C8760005B51F7 /* OpenSans-SemiBoldItalic.ttf in Resources */,
				809BA84A269C8760005B51F7 /* OpenSans-Light.ttf in Resources */,
				809BA841269C8760005B51F7 /* OpenSans-ExtraBoldItalic.ttf in Resources */,
				80810473269B4653008B5E4C /* Assets.xcassets in Resources */,
				809BA846269C8760005B51F7 /* OpenSans-BoldItalic.ttf in Resources */,
				809BA842269C8760005B51F7 /* OpenSans-ExtraBold.ttf in Resources */,
				809BA847269C8760005B51F7 /* OpenSans-LightItalic.ttf in Resources */,
			);
			runOnlyForDeploymentPostprocessing = 0;
		};
/* End PBXResourcesBuildPhase section */

/* Begin PBXShellScriptBuildPhase section */
		74DD3CD944CD9FFFEE67DDE5 /* [CP] Check Pods Manifest.lock */ = {
			isa = PBXShellScriptBuildPhase;
			buildActionMask = 2147483647;
			files = (
			);
			inputFileListPaths = (
			);
			inputPaths = (
				"${PODS_PODFILE_DIR_PATH}/Podfile.lock",
				"${PODS_ROOT}/Manifest.lock",
			);
			name = "[CP] Check Pods Manifest.lock";
			outputFileListPaths = (
			);
			outputPaths = (
				"$(DERIVED_FILE_DIR)/Pods-ironman-checkManifestLockResult.txt",
			);
			runOnlyForDeploymentPostprocessing = 0;
			shellPath = /bin/sh;
			shellScript = "diff \"${PODS_PODFILE_DIR_PATH}/Podfile.lock\" \"${PODS_ROOT}/Manifest.lock\" > /dev/null\nif [ $? != 0 ] ; then\n    # print error to STDERR\n    echo \"error: The sandbox is not in sync with the Podfile.lock. Run 'pod install' or update your CocoaPods installation.\" >&2\n    exit 1\nfi\n# This output is used by Xcode 'outputs' to avoid re-running this script phase.\necho \"SUCCESS\" > \"${SCRIPT_OUTPUT_FILE_0}\"\n";
			showEnvVarsInLog = 0;
		};
		F645AC65117494057A00C915 /* [CP] Embed Pods Frameworks */ = {
			isa = PBXShellScriptBuildPhase;
			buildActionMask = 2147483647;
			files = (
			);
			inputFileListPaths = (
				"${PODS_ROOT}/Target Support Files/Pods-ironman/Pods-ironman-frameworks-${CONFIGURATION}-input-files.xcfilelist",
			);
			name = "[CP] Embed Pods Frameworks";
			outputFileListPaths = (
				"${PODS_ROOT}/Target Support Files/Pods-ironman/Pods-ironman-frameworks-${CONFIGURATION}-output-files.xcfilelist",
			);
			runOnlyForDeploymentPostprocessing = 0;
			shellPath = /bin/sh;
			shellScript = "\"${PODS_ROOT}/Target Support Files/Pods-ironman/Pods-ironman-frameworks.sh\"\n";
			showEnvVarsInLog = 0;
		};
/* End PBXShellScriptBuildPhase section */

/* Begin PBXSourcesBuildPhase section */
		80810462269B4651008B5E4C /* Sources */ = {
			isa = PBXSourcesBuildPhase;
			buildActionMask = 2147483647;
			files = (
				80B67E7926EA8C8F001C6FC6 /* OrderStep.swift in Sources */,
				80FBE630271B6290001C05E6 /* ProductData.swift in Sources */,
				80273046271493B00036E219 /* BannerResponse.swift in Sources */,
				80BF134B26F3B75700089D2E /* ShippingAndPaymentVC.swift in Sources */,
				8017149526C0448C00FD9CE7 /* CacheData.swift in Sources */,
				80FBE629271B4EC4001C05E6 /* VariantData.swift in Sources */,
				80F0541626BDA8A600149164 /* TabNavigationVC.swift in Sources */,
				80FBE620271B455D001C05E6 /* Service.swift in Sources */,
				808FEC2E26D813510097DA61 /* ChooseItemVC.swift in Sources */,
				80AD6AA726C2FAA700B23CCB /* MenuTVCell.swift in Sources */,
				8081046E269B4652008B5E4C /* SplashVC.swift in Sources */,
				809BA85E269CB4D9005B51F7 /* WelcomeCVCell.swift in Sources */,
				80BFD74D26BAF6CF003ADAF1 /* LoginVC.swift in Sources */,
				80AD6AAB26C300EA00B23CCB /* MenuHelper.swift in Sources */,
				809BA853269C9126005B51F7 /* UIColor.swift in Sources */,
				8081046A269B4652008B5E4C /* AppDelegate.swift in Sources */,
				80D3772C26BFE51900FD3D01 /* ForgotPasswordVC.swift in Sources */,
				80B6E4102720987F00C4C74B /* Access.swift in Sources */,
				80FBE62B271B4ED2001C05E6 /* VariantResponse.swift in Sources */,
				802B6364269F71E5002A996E /* HomeVC.swift in Sources */,
				809D8B1926B1BECA004B3FA2 /* MyOrderVC.swift in Sources */,
				802730492714ACE50036E219 /* UIImageView.swift in Sources */,
				8080E79A26B06E6F00818768 /* NotificationVC.swift in Sources */,
				80B6E40A272097D600C4C74B /* LoginResponse.swift in Sources */,
				803CE01426C7E794007807E0 /* SmartDownPicker.swift in Sources */,
				80D3772A26BFE1D500FD3D01 /* SignupVC.swift in Sources */,
				809BA84E269C8DCE005B51F7 /* UIWindow.swift in Sources */,
				80204D6E26F65FC800493104 /* Date.swift in Sources */,
				273EE13926BB098000753E2A /* AppConst.swift in Sources */,
				80354D9326C97D7100BAACF3 /* ContactUsVC.swift in Sources */,
				80AD6AAF26C30AB900B23CCB /* MenuEnum.swift in Sources */,
				80D658F126DAB77E00800275 /* ItemTVCell.swift in Sources */,
				273EE13026BB05B900753E2A /* BaseVC.swift in Sources */,
				80AD6AA926C2FF4500B23CCB /* Menu.swift in Sources */,
				8081046C269B4652008B5E4C /* SceneDelegate.swift in Sources */,
				80354D9726C9922C00BAACF3 /* AboutUsVC.swift in Sources */,
				80D658F326DACD6A00800275 /* ResourceUtil.swift in Sources */,
				80D3773226BFECB600FD3D01 /* CongratulationVC.swift in Sources */,
				80AD6AA526C2F33700B23CCB /* LineView.swift in Sources */,
				809BA859269CA7CF005B51F7 /* FontUtil.swift in Sources */,
				802B6366269F8169002A996E /* BannerCVCell.swift in Sources */,
				80B1467A26DCFE7E0047B363 /* SearchItemVC.swift in Sources */,
				809D8B1426B1B35B004B3FA2 /* ManageAddressVC.swift in Sources */,
				800EBB6526C5A6CA0052CAA3 /* MenuLogoutTVCell.swift in Sources */,
				809BA857269C9551005B51F7 /* ElNavigato.swift in Sources */,
				80F0541826BDA96100149164 /* DeviceInfoHelper.swift in Sources */,
				80354D9526C9843A00BAACF3 /* NotesTextView.swift in Sources */,
				803CE01826C80273007807E0 /* Address.swift in Sources */,
				809BA855269C94EE005B51F7 /* NavigationController.swift in Sources */,
				80D3772E26BFE69800FD3D01 /* NewPasswordVC.swift in Sources */,
				80FBE624271B4574001C05E6 /* ServiceResponse.swift in Sources */,
				80F0541A26BDAD5300149164 /* ProfileVC.swift in Sources */,
				803CE01C26C81294007807E0 /* OrderConfirmationVC.swift in Sources */,
				80B1467C26DD1A3F0047B363 /* CartItemTVCell.swift in Sources */,
				809BA84C269C882D005B51F7 /* WelcomeVC.swift in Sources */,
				809BA85C269CB05F005B51F7 /* GradientCard.swift in Sources */,
				803CE01E26C8377D007807E0 /* NewAddressVC.swift in Sources */,
				80B67E7B26EA8EFC001C6FC6 /* OrderStepTVCell.swift in Sources */,
				803CE01626C7F4FB007807E0 /* FakeDataHelper.swift in Sources */,
				80FBE627271B4EB9001C05E6 /* Variant.swift in Sources */,
				80B6E40E2720984000C4C74B /* User.swift in Sources */,
				80FBE62E271B626C001C05E6 /* Product.swift in Sources */,
				809D8B1D26B1C288004B3FA2 /* CompletedOrderSegmentVC.swift in Sources */,
				80B6E40C2720982000C4C74B /* LoginData.swift in Sources */,
				80FBE632271B62AB001C05E6 /* ProductResponse.swift in Sources */,
				809BA860269CCB96005B51F7 /* UIButton.swift in Sources */,
				803D646B26B65F9B0020D223 /* LegacySegmentedControl.swift in Sources */,
				80273042271492A00036E219 /* Banner.swift in Sources */,
				273EE13626BB076900753E2A /* SmartTextField.swift in Sources */,
				80D3773026BFE86C00FD3D01 /* ProfilePhotoUploadVC.swift in Sources */,
				273EE13B26BB1AB700753E2A /* UIView.swift in Sources */,
				800EBB6826C5AB580052CAA3 /* EditProfileVC.swift in Sources */,
				802B6368269F8EE0002A996E /* ServiceCVCell.swift in Sources */,
				8030621426CED05F0010360D /* OrderFeedbackVC.swift in Sources */,
				8030620A26CD82570010360D /* HtmlViewVC.swift in Sources */,
				80FBE622271B4569001C05E6 /* ServiceData.swift in Sources */,
				80F0541426BDA55200149164 /* GMFTabViewItem.swift in Sources */,
				80BF134D26F3C97400089D2E /* DatePickerView.swift in Sources */,
				803CE01A26C80321007807E0 /* AddressTVCell.swift in Sources */,
				809D8B1626B1B9D3004B3FA2 /* MyCartVC.swift in Sources */,
				809D8B1B26B1C26A004B3FA2 /* OnGoingOrderSegmentVC.swift in Sources */,
				80273044271493130036E219 /* BannerData.swift in Sources */,
			);
			runOnlyForDeploymentPostprocessing = 0;
		};
/* End PBXSourcesBuildPhase section */

/* Begin PBXVariantGroup section */
		80810474269B4653008B5E4C /* LaunchScreen.storyboard */ = {
			isa = PBXVariantGroup;
			children = (
				80810475269B4653008B5E4C /* Base */,
			);
			name = LaunchScreen.storyboard;
			sourceTree = "<group>";
		};
/* End PBXVariantGroup section */

/* Begin XCBuildConfiguration section */
		80810478269B4653008B5E4C /* Debug */ = {
			isa = XCBuildConfiguration;
			buildSettings = {
				ALWAYS_SEARCH_USER_PATHS = NO;
				CLANG_ANALYZER_NONNULL = YES;
				CLANG_ANALYZER_NUMBER_OBJECT_CONVERSION = YES_AGGRESSIVE;
				CLANG_CXX_LANGUAGE_STANDARD = "gnu++14";
				CLANG_CXX_LIBRARY = "libc++";
				CLANG_ENABLE_MODULES = YES;
				CLANG_ENABLE_OBJC_ARC = YES;
				CLANG_ENABLE_OBJC_WEAK = YES;
				CLANG_WARN_BLOCK_CAPTURE_AUTORELEASING = YES;
				CLANG_WARN_BOOL_CONVERSION = YES;
				CLANG_WARN_COMMA = YES;
				CLANG_WARN_CONSTANT_CONVERSION = YES;
				CLANG_WARN_DEPRECATED_OBJC_IMPLEMENTATIONS = YES;
				CLANG_WARN_DIRECT_OBJC_ISA_USAGE = YES_ERROR;
				CLANG_WARN_DOCUMENTATION_COMMENTS = YES;
				CLANG_WARN_EMPTY_BODY = YES;
				CLANG_WARN_ENUM_CONVERSION = YES;
				CLANG_WARN_INFINITE_RECURSION = YES;
				CLANG_WARN_INT_CONVERSION = YES;
				CLANG_WARN_NON_LITERAL_NULL_CONVERSION = YES;
				CLANG_WARN_OBJC_IMPLICIT_RETAIN_SELF = YES;
				CLANG_WARN_OBJC_LITERAL_CONVERSION = YES;
				CLANG_WARN_OBJC_ROOT_CLASS = YES_ERROR;
				CLANG_WARN_QUOTED_INCLUDE_IN_FRAMEWORK_HEADER = YES;
				CLANG_WARN_RANGE_LOOP_ANALYSIS = YES;
				CLANG_WARN_STRICT_PROTOTYPES = YES;
				CLANG_WARN_SUSPICIOUS_MOVE = YES;
				CLANG_WARN_UNGUARDED_AVAILABILITY = YES_AGGRESSIVE;
				CLANG_WARN_UNREACHABLE_CODE = YES;
				CLANG_WARN__DUPLICATE_METHOD_MATCH = YES;
				COPY_PHASE_STRIP = NO;
				DEBUG_INFORMATION_FORMAT = dwarf;
				ENABLE_STRICT_OBJC_MSGSEND = YES;
				ENABLE_TESTABILITY = YES;
				GCC_C_LANGUAGE_STANDARD = gnu11;
				GCC_DYNAMIC_NO_PIC = NO;
				GCC_NO_COMMON_BLOCKS = YES;
				GCC_OPTIMIZATION_LEVEL = 0;
				GCC_PREPROCESSOR_DEFINITIONS = (
					"DEBUG=1",
					"$(inherited)",
				);
				GCC_WARN_64_TO_32_BIT_CONVERSION = YES;
				GCC_WARN_ABOUT_RETURN_TYPE = YES_ERROR;
				GCC_WARN_UNDECLARED_SELECTOR = YES;
				GCC_WARN_UNINITIALIZED_AUTOS = YES_AGGRESSIVE;
				GCC_WARN_UNUSED_FUNCTION = YES;
				GCC_WARN_UNUSED_VARIABLE = YES;
				IPHONEOS_DEPLOYMENT_TARGET = 14.5;
				MTL_ENABLE_DEBUG_INFO = INCLUDE_SOURCE;
				MTL_FAST_MATH = YES;
				ONLY_ACTIVE_ARCH = YES;
				SDKROOT = iphoneos;
				SWIFT_ACTIVE_COMPILATION_CONDITIONS = DEBUG;
				SWIFT_OPTIMIZATION_LEVEL = "-Onone";
			};
			name = Debug;
		};
		80810479269B4653008B5E4C /* Release */ = {
			isa = XCBuildConfiguration;
			buildSettings = {
				ALWAYS_SEARCH_USER_PATHS = NO;
				CLANG_ANALYZER_NONNULL = YES;
				CLANG_ANALYZER_NUMBER_OBJECT_CONVERSION = YES_AGGRESSIVE;
				CLANG_CXX_LANGUAGE_STANDARD = "gnu++14";
				CLANG_CXX_LIBRARY = "libc++";
				CLANG_ENABLE_MODULES = YES;
				CLANG_ENABLE_OBJC_ARC = YES;
				CLANG_ENABLE_OBJC_WEAK = YES;
				CLANG_WARN_BLOCK_CAPTURE_AUTORELEASING = YES;
				CLANG_WARN_BOOL_CONVERSION = YES;
				CLANG_WARN_COMMA = YES;
				CLANG_WARN_CONSTANT_CONVERSION = YES;
				CLANG_WARN_DEPRECATED_OBJC_IMPLEMENTATIONS = YES;
				CLANG_WARN_DIRECT_OBJC_ISA_USAGE = YES_ERROR;
				CLANG_WARN_DOCUMENTATION_COMMENTS = YES;
				CLANG_WARN_EMPTY_BODY = YES;
				CLANG_WARN_ENUM_CONVERSION = YES;
				CLANG_WARN_INFINITE_RECURSION = YES;
				CLANG_WARN_INT_CONVERSION = YES;
				CLANG_WARN_NON_LITERAL_NULL_CONVERSION = YES;
				CLANG_WARN_OBJC_IMPLICIT_RETAIN_SELF = YES;
				CLANG_WARN_OBJC_LITERAL_CONVERSION = YES;
				CLANG_WARN_OBJC_ROOT_CLASS = YES_ERROR;
				CLANG_WARN_QUOTED_INCLUDE_IN_FRAMEWORK_HEADER = YES;
				CLANG_WARN_RANGE_LOOP_ANALYSIS = YES;
				CLANG_WARN_STRICT_PROTOTYPES = YES;
				CLANG_WARN_SUSPICIOUS_MOVE = YES;
				CLANG_WARN_UNGUARDED_AVAILABILITY = YES_AGGRESSIVE;
				CLANG_WARN_UNREACHABLE_CODE = YES;
				CLANG_WARN__DUPLICATE_METHOD_MATCH = YES;
				COPY_PHASE_STRIP = NO;
				DEBUG_INFORMATION_FORMAT = "dwarf-with-dsym";
				ENABLE_NS_ASSERTIONS = NO;
				ENABLE_STRICT_OBJC_MSGSEND = YES;
				GCC_C_LANGUAGE_STANDARD = gnu11;
				GCC_NO_COMMON_BLOCKS = YES;
				GCC_WARN_64_TO_32_BIT_CONVERSION = YES;
				GCC_WARN_ABOUT_RETURN_TYPE = YES_ERROR;
				GCC_WARN_UNDECLARED_SELECTOR = YES;
				GCC_WARN_UNINITIALIZED_AUTOS = YES_AGGRESSIVE;
				GCC_WARN_UNUSED_FUNCTION = YES;
				GCC_WARN_UNUSED_VARIABLE = YES;
				IPHONEOS_DEPLOYMENT_TARGET = 14.5;
				MTL_ENABLE_DEBUG_INFO = NO;
				MTL_FAST_MATH = YES;
				SDKROOT = iphoneos;
				SWIFT_COMPILATION_MODE = wholemodule;
				SWIFT_OPTIMIZATION_LEVEL = "-O";
				VALIDATE_PRODUCT = YES;
			};
			name = Release;
		};
		8081047B269B4653008B5E4C /* Debug */ = {
			isa = XCBuildConfiguration;
			baseConfigurationReference = 0065F497E898A726B0A5093C /* Pods-ironman.debug.xcconfig */;
			buildSettings = {
				ASSETCATALOG_COMPILER_APPICON_NAME = AppIcon;
				ASSETCATALOG_COMPILER_GLOBAL_ACCENT_COLOR_NAME = AccentColor;
				CODE_SIGN_IDENTITY = "iPhone Developer";
				CODE_SIGN_INJECT_BASE_ENTITLEMENTS = NO;
				CODE_SIGN_STYLE = Automatic;
				DEVELOPMENT_TEAM = 93673QR5FU;
				INFOPLIST_FILE = ironman/Info.plist;
				LD_RUNPATH_SEARCH_PATHS = (
					"$(inherited)",
					"@executable_path/Frameworks",
				);
				PRODUCT_BUNDLE_IDENTIFIER = xyz.arifz.ironman;
				PRODUCT_NAME = "$(TARGET_NAME)";
				SWIFT_VERSION = 5.0;
				TARGETED_DEVICE_FAMILY = "1,2";
			};
			name = Debug;
		};
		8081047C269B4653008B5E4C /* Release */ = {
			isa = XCBuildConfiguration;
			baseConfigurationReference = 40B09AA02563D2B6FAAAE034 /* Pods-ironman.release.xcconfig */;
			buildSettings = {
				ASSETCATALOG_COMPILER_APPICON_NAME = AppIcon;
				ASSETCATALOG_COMPILER_GLOBAL_ACCENT_COLOR_NAME = AccentColor;
				CODE_SIGN_IDENTITY = "iPhone Developer";
				CODE_SIGN_INJECT_BASE_ENTITLEMENTS = NO;
				CODE_SIGN_STYLE = Automatic;
				DEVELOPMENT_TEAM = 93673QR5FU;
				INFOPLIST_FILE = ironman/Info.plist;
				LD_RUNPATH_SEARCH_PATHS = (
					"$(inherited)",
					"@executable_path/Frameworks",
				);
				PRODUCT_BUNDLE_IDENTIFIER = xyz.arifz.ironman;
				PRODUCT_NAME = "$(TARGET_NAME)";
				SWIFT_VERSION = 5.0;
				TARGETED_DEVICE_FAMILY = "1,2";
			};
			name = Release;
		};
/* End XCBuildConfiguration section */

/* Begin XCConfigurationList section */
		80810461269B4651008B5E4C /* Build configuration list for PBXProject "ironman" */ = {
			isa = XCConfigurationList;
			buildConfigurations = (
				80810478269B4653008B5E4C /* Debug */,
				80810479269B4653008B5E4C /* Release */,
			);
			defaultConfigurationIsVisible = 0;
			defaultConfigurationName = Release;
		};
		8081047A269B4653008B5E4C /* Build configuration list for PBXNativeTarget "ironman" */ = {
			isa = XCConfigurationList;
			buildConfigurations = (
				8081047B269B4653008B5E4C /* Debug */,
				8081047C269B4653008B5E4C /* Release */,
			);
			defaultConfigurationIsVisible = 0;
			defaultConfigurationName = Release;
		};
/* End XCConfigurationList section */
	};
	rootObject = 8081045E269B4651008B5E4C /* Project object */;
}
